Microsoft Visual Studio Solution File, Format Version 12.00
# Visual Studio 15
VisualStudioVersion = 15.0.27130.2036
MinimumVisualStudioVersion = 15.0.26124.0
Project("{2150E333-8FDC-42A3-9474-1A3956D46DE8}") = "src", "src", "{D3B5A854-613A-4326-AA6C-1BCED1FEF3FE}"
EndProject
Project("{9A19103F-16F7-4668-BE54-9A1E7A4F7556}") = "TestSketch", "src\TestSketch\TestSketch.csproj", "{6A727E68-182A-465B-B224-01DA91A69341}"
EndProject
Project("{2150E333-8FDC-42A3-9474-1A3956D46DE8}") = "test", "test", "{0668C622-3351-42E3-8430-7E5C04D14D89}"
EndProject
Project("{9A19103F-16F7-4668-BE54-9A1E7A4F7556}") = "TestSketch.Test", "test\TestSketch.Test\TestSketch.Test.csproj", "{042EBECE-E493-4189-821F-39A573FE68E9}"
EndProject
Global
	GlobalSection(SolutionConfigurationPlatforms) = preSolution
		Debug|Any CPU = Debug|Any CPU
		Debug|x64 = Debug|x64
		Debug|x86 = Debug|x86
		Release|Any CPU = Release|Any CPU
		Release|x64 = Release|x64
		Release|x86 = Release|x86
	EndGlobalSection
	GlobalSection(ProjectConfigurationPlatforms) = postSolution
		{6A727E68-182A-465B-B224-01DA91A69341}.Debug|Any CPU.ActiveCfg = Debug|Any CPU
		{6A727E68-182A-465B-B224-01DA91A69341}.Debug|Any CPU.Build.0 = Debug|Any CPU
		{6A727E68-182A-465B-B224-01DA91A69341}.Debug|x64.ActiveCfg = Debug|Any CPU
		{6A727E68-182A-465B-B224-01DA91A69341}.Debug|x64.Build.0 = Debug|Any CPU
		{6A727E68-182A-465B-B224-01DA91A69341}.Debug|x86.ActiveCfg = Debug|Any CPU
		{6A727E68-182A-465B-B224-01DA91A69341}.Debug|x86.Build.0 = Debug|Any CPU
		{6A727E68-182A-465B-B224-01DA91A69341}.Release|Any CPU.ActiveCfg = Release|Any CPU
		{6A727E68-182A-465B-B224-01DA91A69341}.Release|Any CPU.Build.0 = Release|Any CPU
		{6A727E68-182A-465B-B224-01DA91A69341}.Release|x64.ActiveCfg = Release|Any CPU
		{6A727E68-182A-465B-B224-01DA91A69341}.Release|x64.Build.0 = Release|Any CPU
		{6A727E68-182A-465B-B224-01DA91A69341}.Release|x86.ActiveCfg = Release|Any CPU
		{6A727E68-182A-465B-B224-01DA91A69341}.Release|x86.Build.0 = Release|Any CPU
		{042EBECE-E493-4189-821F-39A573FE68E9}.Debug|Any CPU.ActiveCfg = Debug|Any CPU
		{042EBECE-E493-4189-821F-39A573FE68E9}.Debug|Any CPU.Build.0 = Debug|Any CPU
		{042EBECE-E493-4189-821F-39A573FE68E9}.Debug|x64.ActiveCfg = Debug|Any CPU
		{042EBECE-E493-4189-821F-39A573FE68E9}.Debug|x64.Build.0 = Debug|Any CPU
		{042EBECE-E493-4189-821F-39A573FE68E9}.Debug|x86.ActiveCfg = Debug|Any CPU
		{042EBECE-E493-4189-821F-39A573FE68E9}.Debug|x86.Build.0 = Debug|Any CPU
		{042EBECE-E493-4189-821F-39A573FE68E9}.Release|Any CPU.ActiveCfg = Release|Any CPU
		{042EBECE-E493-4189-821F-39A573FE68E9}.Release|Any CPU.Build.0 = Release|Any CPU
		{042EBECE-E493-4189-821F-39A573FE68E9}.Release|x64.ActiveCfg = Release|Any CPU
		{042EBECE-E493-4189-821F-39A573FE68E9}.Release|x64.Build.0 = Release|Any CPU
		{042EBECE-E493-4189-821F-39A573FE68E9}.Release|x86.ActiveCfg = Release|Any CPU
		{042EBECE-E493-4189-821F-39A573FE68E9}.Release|x86.Build.0 = Release|Any CPU
	EndGlobalSection
	GlobalSection(SolutionProperties) = preSolution
		HideSolutionNode = FALSE
	EndGlobalSection
	GlobalSection(NestedProjects) = preSolution
		{6A727E68-182A-465B-B224-01DA91A69341} = {D3B5A854-613A-4326-AA6C-1BCED1FEF3FE}
		{042EBECE-E493-4189-821F-39A573FE68E9} = {0668C622-3351-42E3-8430-7E5C04D14D89}
	EndGlobalSection
	GlobalSection(ExtensibilityGlobals) = postSolution
		SolutionGuid = {36418B65-B1A8-4422-B4BE-ED0A6CDBE86A}
	EndGlobalSection
EndGlobal
